
Microsoft Visual Studio Solution File, Format Version 12.00
# Visual Studio 15
VisualStudioVersion = 15.0.28010.2048
MinimumVisualStudioVersion = 10.0.40219.1
Project("{FAE04EC0-301F-11D3-BF4B-00C04F79EFBC}") = "UserAuth.Domain", "UserAuth.Domain\UserAuth.Domain.csproj", "{C698E666-76C7-49C0-8CF3-2AF1EE61BFBA}"
EndProject
Project("{FAE04EC0-301F-11D3-BF4B-00C04F79EFBC}") = "UserAuth.Test", "UserAuth.Test\UserAuth.Test.csproj", "{6BE8F1B2-C982-41A9-89E8-ED2D9634A0A5}"
	ProjectSection(ProjectDependencies) = postProject
		{C698E666-76C7-49C0-8CF3-2AF1EE61BFBA} = {C698E666-76C7-49C0-8CF3-2AF1EE61BFBA}
	EndProjectSection
EndProject
Project("{FAE04EC0-301F-11D3-BF4B-00C04F79EFBC}") = "UserAuth.Infra", "UserAuth.Infra\UserAuth.Infra.csproj", "{FC55D866-2881-4F68-9AC6-01F5627B5E71}"
EndProject
Project("{FAE04EC0-301F-11D3-BF4B-00C04F79EFBC}") = "UserAuth.Service", "UserAuth.Service\UserAuth.Service.csproj", "{7DB02963-5AB9-4543-9E62-B5782BB6F816}"
EndProject
Project("{FAE04EC0-301F-11D3-BF4B-00C04F79EFBC}") = "UserAuth.Win.UI", "UserAuth.Win.UI\UserAuth.Win.UI.csproj", "{69E60CC5-1AD4-481E-8AFF-5B56F2311683}"
EndProject
Global
	GlobalSection(SolutionConfigurationPlatforms) = preSolution
		Debug|Any CPU = Debug|Any CPU
		Release|Any CPU = Release|Any CPU
	EndGlobalSection
	GlobalSection(ProjectConfigurationPlatforms) = postSolution
		{C698E666-76C7-49C0-8CF3-2AF1EE61BFBA}.Debug|Any CPU.ActiveCfg = Debug|Any CPU
		{C698E666-76C7-49C0-8CF3-2AF1EE61BFBA}.Debug|Any CPU.Build.0 = Debug|Any CPU
		{C698E666-76C7-49C0-8CF3-2AF1EE61BFBA}.Release|Any CPU.ActiveCfg = Release|Any CPU
		{C698E666-76C7-49C0-8CF3-2AF1EE61BFBA}.Release|Any CPU.Build.0 = Release|Any CPU
		{6BE8F1B2-C982-41A9-89E8-ED2D9634A0A5}.Debug|Any CPU.ActiveCfg = Debug|Any CPU
		{6BE8F1B2-C982-41A9-89E8-ED2D9634A0A5}.Debug|Any CPU.Build.0 = Debug|Any CPU
		{6BE8F1B2-C982-41A9-89E8-ED2D9634A0A5}.Release|Any CPU.ActiveCfg = Release|Any CPU
		{6BE8F1B2-C982-41A9-89E8-ED2D9634A0A5}.Release|Any CPU.Build.0 = Release|Any CPU
		{FC55D866-2881-4F68-9AC6-01F5627B5E71}.Debug|Any CPU.ActiveCfg = Debug|Any CPU
		{FC55D866-2881-4F68-9AC6-01F5627B5E71}.Debug|Any CPU.Build.0 = Debug|Any CPU
		{FC55D866-2881-4F68-9AC6-01F5627B5E71}.Release|Any CPU.ActiveCfg = Release|Any CPU
		{FC55D866-2881-4F68-9AC6-01F5627B5E71}.Release|Any CPU.Build.0 = Release|Any CPU
		{7DB02963-5AB9-4543-9E62-B5782BB6F816}.Debug|Any CPU.ActiveCfg = Debug|Any CPU
		{7DB02963-5AB9-4543-9E62-B5782BB6F816}.Debug|Any CPU.Build.0 = Debug|Any CPU
		{7DB02963-5AB9-4543-9E62-B5782BB6F816}.Release|Any CPU.ActiveCfg = Release|Any CPU
		{7DB02963-5AB9-4543-9E62-B5782BB6F816}.Release|Any CPU.Build.0 = Release|Any CPU
		{69E60CC5-1AD4-481E-8AFF-5B56F2311683}.Debug|Any CPU.ActiveCfg = Debug|Any CPU
		{69E60CC5-1AD4-481E-8AFF-5B56F2311683}.Debug|Any CPU.Build.0 = Debug|Any CPU
		{69E60CC5-1AD4-481E-8AFF-5B56F2311683}.Release|Any CPU.ActiveCfg = Release|Any CPU
		{69E60CC5-1AD4-481E-8AFF-5B56F2311683}.Release|Any CPU.Build.0 = Release|Any CPU
	EndGlobalSection
	GlobalSection(SolutionProperties) = preSolution
		HideSolutionNode = FALSE
	EndGlobalSection
	GlobalSection(ExtensibilityGlobals) = postSolution
		SolutionGuid = {0DDEACB8-5CCC-41CC-8AEF-E14A7783A90D}
	EndGlobalSection
EndGlobal
